{
  "nodes": {
    "darwin-custom-icons": {
      "locked": {
        "lastModified": 1693410673,
        "narHash": "sha256-oHw98kktSorqgd73tOskTkE7AfWfNee7QTxJeMkd640=",
        "owner": "ryanccn",
        "repo": "nix-darwin-custom-icons",
        "rev": "347800c2704b4adb76aaf06fbf0be7831431785b",
        "type": "github"
      },
      "original": {
        "owner": "ryanccn",
        "repo": "nix-darwin-custom-icons",
        "type": "github"
      }
    },
    "home-manager": {
      "inputs": {
        "nixpkgs": [
          "nixpkgs"
        ]
      },
      "locked": {
        "lastModified": 1712759992,
        "narHash": "sha256-2APpO3ZW4idlgtlb8hB04u/rmIcKA8O7pYqxF66xbNY=",
        "owner": "nix-community",
        "repo": "home-manager",
        "rev": "31357486b0ef6f4e161e002b6893eeb4fafc3ca9",
        "type": "github"
      },
      "original": {
        "owner": "nix-community",
        "repo": "home-manager",
        "type": "github"
      }
    },
    "nix-darwin": {
      "inputs": {
        "nixpkgs": [
          "nixpkgs"
        ]
      },
      "locked": {
        "lastModified": 1711763326,
        "narHash": "sha256-sXcesZWKXFlEQ8oyGHnfk4xc9f2Ip0X/+YZOq3sKviI=",
        "owner": "LnL7",
        "repo": "nix-darwin",
        "rev": "36524adc31566655f2f4d55ad6b875fb5c1a4083",
        "type": "github"
      },
      "original": {
        "owner": "LnL7",
        "repo": "nix-darwin",
        "type": "github"
      }
    },
    "nixos-hardware": {
      "locked": {
        "lastModified": 1712760404,
        "narHash": "sha256-4zhaEW1nB+nGbCNMjOggWeY5nXs/H0Y71q0+h+jdxoU=",
        "owner": "NixOS",
        "repo": "nixos-hardware",
        "rev": "e1c4bac14beb8c409d0534382cf967171706b9d9",
        "type": "github"
      },
      "original": {
        "owner": "NixOS",
        "ref": "master",
        "repo": "nixos-hardware",
        "type": "github"
      }
    },
    "nixpkgs": {
      "locked": {
        "lastModified": 1712757991,
        "narHash": "sha256-kR7C7Fqt3JP40h0mzmSZeWI5pk1iwqj4CSeGjnUbVHc=",
        "owner": "NixOS",
        "repo": "nixpkgs",
        "rev": "d6b3ddd253c578a7ab98f8011e59990f21dc3932",
        "type": "github"
      },
      "original": {
        "owner": "NixOS",
        "ref": "nixpkgs-unstable",
        "repo": "nixpkgs",
        "type": "github"
      }
    },
    "root": {
      "inputs": {
        "darwin-custom-icons": "darwin-custom-icons",
        "home-manager": "home-manager",
        "nix-darwin": "nix-darwin",
        "nixos-hardware": "nixos-hardware",
        "nixpkgs": "nixpkgs"
      }
    }
  },
  "root": "root",
  "version": 7
}
