name: update-flake-lock
on:
  workflow_dispatch: # allows manual triggering
  schedule:
    - cron: "0 3 * * 5" # runs weekly on Friday at 3:00 UTC (12:00 JST)

jobs:
  lockfile:
    runs-on: ubuntu-latest
    permissions:
      contents: write
      pull-requests: write
      id-token: write
    steps:
      - name: Checkout repository
        uses: actions/checkout@v5

      - name: Install Nix
        uses: DeterminateSystems/nix-installer-action@v20

      - name: Install SSH key
        uses: webfactory/ssh-agent@v0.9.1
        with:
          ssh-private-key: ${{ secrets.GH_NIX_FLAKE_UPDATE_KEY  }}

      - name: Setup Nix cache
        uses: DeterminateSystems/magic-nix-cache-action@main

      - name: Update flake.lock
        uses: DeterminateSystems/update-flake-lock@v27
        with:
          pr-title: "Update flake.lock" # Title of PR to be created
          # pr-labels: |                  # Labels to be set on the PR
          #   dependencies
          #   automated
