name: update-flake-lock
on:
  workflow_dispatch: # allows manual triggering
  schedule:
    - cron: '0 3 * * 5' # runs weekly on Friday at 3:00 UTC (12:00 JST)

jobs:
  lockfile:
    runs-on: ubuntu-latest
    steps:
      - name: Checkout repository
        uses: actions/checkout@v4
      - name: Install Nix
        uses: DeterminateSystems/nix-installer-action@v18
      - name: Install SSH key
        uses: webfactory/ssh-agent@v0.9.1
        with:
          ssh-private-key: ${{ secrets.GH_NIX_FLAKE_UPDATE_KEY  }}
      - name: Update flake.lock
        uses: DeterminateSystems/update-flake-lock@v25
        with:
          pr-title: "Update flake.lock" # Title of PR to be created
          # pr-labels: |                  # Labels to be set on the PR
          #   dependencies
          #   automated